// !$*UTF8*$!
{
	archiveVersion = 1;
	classes = {
	};
	objectVersion = 51;
	objects = {

/* Begin PBXBuildFile section */
		4D1EC80F245C3DA100D49082 /* CaseData.swift in Sources */ = {isa = PBXBuildFile; fileRef = 4D1EC80E245C3DA100D49082 /* CaseData.swift */; };
		4D52A452245C34030024574C /* CaseManager.swift in Sources */ = {isa = PBXBuildFile; fileRef = 4D52A451245C34030024574C /* CaseManager.swift */; };
		4D6366702465F7C7000EC3D3 /* CountryModel.swift in Sources */ = {isa = PBXBuildFile; fileRef = 4D63666F2465F7C7000EC3D3 /* CountryModel.swift */; };
		4DA3B3672465A23600509AED /* Flags.xcassets in Resources */ = {isa = PBXBuildFile; fileRef = 4DA3B3662465A23600509AED /* Flags.xcassets */; };
		4DCF1721245D8F770015EAFB /* CaseModel.swift in Sources */ = {isa = PBXBuildFile; fileRef = 4DCF1720245D8F770015EAFB /* CaseModel.swift */; };
		88AD0F831F4D54B1D6E33EB9 /* Pods_COVID19.framework in Frameworks */ = {isa = PBXBuildFile; fileRef = A68702981958969AF37ECB48 /* Pods_COVID19.framework */; };
		ADAA27B1231BBFAF00365194 /* AppDelegate.swift in Sources */ = {isa = PBXBuildFile; fileRef = ADAA27B0231BBFAF00365194 /* AppDelegate.swift */; };
		ADAA27B3231BBFAF00365194 /* SceneDelegate.swift in Sources */ = {isa = PBXBuildFile; fileRef = ADAA27B2231BBFAF00365194 /* SceneDelegate.swift */; };
		ADAA27B5231BBFAF00365194 /* CaseViewController.swift in Sources */ = {isa = PBXBuildFile; fileRef = ADAA27B4231BBFAF00365194 /* CaseViewController.swift */; };
		ADAA27B8231BBFAF00365194 /* Main.storyboard in Resources */ = {isa = PBXBuildFile; fileRef = ADAA27B6231BBFAF00365194 /* Main.storyboard */; };
		ADAA27BA231BBFB300365194 /* Assets.xcassets in Resources */ = {isa = PBXBuildFile; fileRef = ADAA27B9231BBFB300365194 /* Assets.xcassets */; };
		ADAA27BD231BBFB300365194 /* LaunchScreen.storyboard in Resources */ = {isa = PBXBuildFile; fileRef = ADAA27BB231BBFB300365194 /* LaunchScreen.storyboard */; };
/* End PBXBuildFile section */

/* Begin PBXFileReference section */
		4D1EC80E245C3DA100D49082 /* CaseData.swift */ = {isa = PBXFileReference; lastKnownFileType = sourcecode.swift; path = CaseData.swift; sourceTree = "<group>"; };
		4D52A451245C34030024574C /* CaseManager.swift */ = {isa = PBXFileReference; lastKnownFileType = sourcecode.swift; path = CaseManager.swift; sourceTree = "<group>"; };
		4D63666F2465F7C7000EC3D3 /* CountryModel.swift */ = {isa = PBXFileReference; lastKnownFileType = sourcecode.swift; path = CountryModel.swift; sourceTree = "<group>"; };
		4DA3B3662465A23600509AED /* Flags.xcassets */ = {isa = PBXFileReference; lastKnownFileType = folder.assetcatalog; path = Flags.xcassets; sourceTree = "<group>"; };
		4DCF1720245D8F770015EAFB /* CaseModel.swift */ = {isa = PBXFileReference; lastKnownFileType = sourcecode.swift; path = CaseModel.swift; sourceTree = "<group>"; };
		79BC61740D631F610D0777C8 /* Pods-COVID19.release.xcconfig */ = {isa = PBXFileReference; includeInIndex = 1; lastKnownFileType = text.xcconfig; name = "Pods-COVID19.release.xcconfig"; path = "Target Support Files/Pods-COVID19/Pods-COVID19.release.xcconfig"; sourceTree = "<group>"; };
		A68702981958969AF37ECB48 /* Pods_COVID19.framework */ = {isa = PBXFileReference; explicitFileType = wrapper.framework; includeInIndex = 0; path = Pods_COVID19.framework; sourceTree = BUILT_PRODUCTS_DIR; };
		ADAA27AD231BBFAF00365194 /* CoVID19.app */ = {isa = PBXFileReference; explicitFileType = wrapper.application; includeInIndex = 0; path = CoVID19.app; sourceTree = BUILT_PRODUCTS_DIR; };
		ADAA27B0231BBFAF00365194 /* AppDelegate.swift */ = {isa = PBXFileReference; lastKnownFileType = sourcecode.swift; path = AppDelegate.swift; sourceTree = "<group>"; };
		ADAA27B2231BBFAF00365194 /* SceneDelegate.swift */ = {isa = PBXFileReference; lastKnownFileType = sourcecode.swift; path = SceneDelegate.swift; sourceTree = "<group>"; };
		ADAA27B4231BBFAF00365194 /* CaseViewController.swift */ = {isa = PBXFileReference; lastKnownFileType = sourcecode.swift; path = CaseViewController.swift; sourceTree = "<group>"; };
		ADAA27B7231BBFAF00365194 /* Base */ = {isa = PBXFileReference; lastKnownFileType = file.storyboard; name = Base; path = Base.lproj/Main.storyboard; sourceTree = "<group>"; };
		ADAA27B9231BBFB300365194 /* Assets.xcassets */ = {isa = PBXFileReference; lastKnownFileType = folder.assetcatalog; path = Assets.xcassets; sourceTree = "<group>"; };
		ADAA27BC231BBFB300365194 /* Base */ = {isa = PBXFileReference; lastKnownFileType = file.storyboard; name = Base; path = Base.lproj/LaunchScreen.storyboard; sourceTree = "<group>"; };
		ADAA27BE231BBFB300365194 /* Info.plist */ = {isa = PBXFileReference; lastKnownFileType = text.plist.xml; path = Info.plist; sourceTree = "<group>"; };
		B99AD65C72BDD68385797408 /* Pods-COVID19.debug.xcconfig */ = {isa = PBXFileReference; includeInIndex = 1; lastKnownFileType = text.xcconfig; name = "Pods-COVID19.debug.xcconfig"; path = "Target Support Files/Pods-COVID19/Pods-COVID19.debug.xcconfig"; sourceTree = "<group>"; };
/* End PBXFileReference section */

/* Begin PBXFrameworksBuildPhase section */
		ADAA27AA231BBFAF00365194 /* Frameworks */ = {
			isa = PBXFrameworksBuildPhase;
			buildActionMask = 2147483647;
			files = (
				88AD0F831F4D54B1D6E33EB9 /* Pods_COVID19.framework in Frameworks */,
			);
			runOnlyForDeploymentPostprocessing = 0;
		};
/* End PBXFrameworksBuildPhase section */

/* Begin PBXGroup section */
		4D52A453245C340E0024574C /* Model */ = {
			isa = PBXGroup;
			children = (
				4DCF1720245D8F770015EAFB /* CaseModel.swift */,
				4D1EC80E245C3DA100D49082 /* CaseData.swift */,
				4D52A451245C34030024574C /* CaseManager.swift */,
				4D63666F2465F7C7000EC3D3 /* CountryModel.swift */,
			);
			path = Model;
			sourceTree = "<group>";
		};
		66221AA09B0A2E6632746C0E /* Pods */ = {
			isa = PBXGroup;
			children = (
				B99AD65C72BDD68385797408 /* Pods-COVID19.debug.xcconfig */,
				79BC61740D631F610D0777C8 /* Pods-COVID19.release.xcconfig */,
			);
			path = Pods;
			sourceTree = "<group>";
		};
		ADAA27A4231BBFAF00365194 = {
			isa = PBXGroup;
			children = (
				4D52A453245C340E0024574C /* Model */,
				ADAA27AF231BBFAF00365194 /* Covid19 */,
				ADAA27AE231BBFAF00365194 /* Products */,
				66221AA09B0A2E6632746C0E /* Pods */,
				EBFC3E803B2ABEBEC2C86615 /* Frameworks */,
			);
			sourceTree = "<group>";
		};
		ADAA27AE231BBFAF00365194 /* Products */ = {
			isa = PBXGroup;
			children = (
				ADAA27AD231BBFAF00365194 /* CoVID19.app */,
			);
			name = Products;
			sourceTree = "<group>";
		};
		ADAA27AF231BBFAF00365194 /* Covid19 */ = {
			isa = PBXGroup;
			children = (
				ADAA27B0231BBFAF00365194 /* AppDelegate.swift */,
				ADAA27B2231BBFAF00365194 /* SceneDelegate.swift */,
				ADAA27C9231BC3F200365194 /* View */,
				ADAA27C8231BC3E500365194 /* Controller */,
				ADAA27B9231BBFB300365194 /* Assets.xcassets */,
				4DA3B3662465A23600509AED /* Flags.xcassets */,
				ADAA27BB231BBFB300365194 /* LaunchScreen.storyboard */,
				ADAA27BE231BBFB300365194 /* Info.plist */,
			);
			path = Covid19;
			sourceTree = "<group>";
		};
		ADAA27C8231BC3E500365194 /* Controller */ = {
			isa = PBXGroup;
			children = (
				ADAA27B4231BBFAF00365194 /* CaseViewController.swift */,
			);
			path = Controller;
			sourceTree = "<group>";
		};
		ADAA27C9231BC3F200365194 /* View */ = {
			isa = PBXGroup;
			children = (
				ADAA27B6231BBFAF00365194 /* Main.storyboard */,
			);
			path = View;
			sourceTree = "<group>";
		};
		EBFC3E803B2ABEBEC2C86615 /* Frameworks */ = {
			isa = PBXGroup;
			children = (
				A68702981958969AF37ECB48 /* Pods_COVID19.framework */,
			);
			name = Frameworks;
			sourceTree = "<group>";
		};
/* End PBXGroup section */

/* Begin PBXNativeTarget section */
		ADAA27AC231BBFAF00365194 /* COVID19 */ = {
			isa = PBXNativeTarget;
			buildConfigurationList = ADAA27C1231BBFB300365194 /* Build configuration list for PBXNativeTarget "COVID19" */;
			buildPhases = (
				24DEAE8B15FA60FBD7742281 /* [CP] Check Pods Manifest.lock */,
				ADAA27A9231BBFAF00365194 /* Sources */,
				ADAA27AA231BBFAF00365194 /* Frameworks */,
				ADAA27AB231BBFAF00365194 /* Resources */,
				305BBC8B3145C7E4FAC460A0 /* [CP] Embed Pods Frameworks */,
			);
			buildRules = (
			);
			dependencies = (
			);
			name = COVID19;
			productName = Clima;
			productReference = ADAA27AD231BBFAF00365194 /* CoVID19.app */;
			productType = "com.apple.product-type.application";
		};
/* End PBXNativeTarget section */

/* Begin PBXProject section */
		ADAA27A5231BBFAF00365194 /* Project object */ = {
			isa = PBXProject;
			attributes = {
				LastSwiftUpdateCheck = 1100;
				LastUpgradeCheck = 1100;
				ORGANIZATIONNAME = "App Brewery";
				TargetAttributes = {
					ADAA27AC231BBFAF00365194 = {
						CreatedOnToolsVersion = 11.0;
					};
				};
			};
			buildConfigurationList = ADAA27A8231BBFAF00365194 /* Build configuration list for PBXProject "COVID19" */;
			compatibilityVersion = "Xcode 9.3";
			developmentRegion = en;
			hasScannedForEncodings = 0;
			knownRegions = (
				en,
				Base,
			);
			mainGroup = ADAA27A4231BBFAF00365194;
			productRefGroup = ADAA27AE231BBFAF00365194 /* Products */;
			projectDirPath = "";
			projectRoot = "";
			targets = (
				ADAA27AC231BBFAF00365194 /* COVID19 */,
			);
		};
/* End PBXProject section */

/* Begin PBXResourcesBuildPhase section */
		ADAA27AB231BBFAF00365194 /* Resources */ = {
			isa = PBXResourcesBuildPhase;
			buildActionMask = 2147483647;
			files = (
				ADAA27BD231BBFB300365194 /* LaunchScreen.storyboard in Resources */,
				ADAA27BA231BBFB300365194 /* Assets.xcassets in Resources */,
				ADAA27B8231BBFAF00365194 /* Main.storyboard in Resources */,
				4DA3B3672465A23600509AED /* Flags.xcassets in Resources */,
			);
			runOnlyForDeploymentPostprocessing = 0;
		};
/* End PBXResourcesBuildPhase section */

/* Begin PBXShellScriptBuildPhase section */
		24DEAE8B15FA60FBD7742281 /* [CP] Check Pods Manifest.lock */ = {
			isa = PBXShellScriptBuildPhase;
			buildActionMask = 2147483647;
			files = (
			);
			inputFileListPaths = (
			);
			inputPaths = (
				"${PODS_PODFILE_DIR_PATH}/Podfile.lock",
				"${PODS_ROOT}/Manifest.lock",
			);
			name = "[CP] Check Pods Manifest.lock";
			outputFileListPaths = (
			);
			outputPaths = (
				"$(DERIVED_FILE_DIR)/Pods-COVID19-checkManifestLockResult.txt",
			);
			runOnlyForDeploymentPostprocessing = 0;
			shellPath = /bin/sh;
			shellScript = "diff \"${PODS_PODFILE_DIR_PATH}/Podfile.lock\" \"${PODS_ROOT}/Manifest.lock\" > /dev/null\nif [ $? != 0 ] ; then\n    # print error to STDERR\n    echo \"error: The sandbox is not in sync with the Podfile.lock. Run 'pod install' or update your CocoaPods installation.\" >&2\n    exit 1\nfi\n# This output is used by Xcode 'outputs' to avoid re-running this script phase.\necho \"SUCCESS\" > \"${SCRIPT_OUTPUT_FILE_0}\"\n";
			showEnvVarsInLog = 0;
		};
		305BBC8B3145C7E4FAC460A0 /* [CP] Embed Pods Frameworks */ = {
			isa = PBXShellScriptBuildPhase;
			buildActionMask = 2147483647;
			files = (
			);
			inputFileListPaths = (
				"${PODS_ROOT}/Target Support Files/Pods-COVID19/Pods-COVID19-frameworks-${CONFIGURATION}-input-files.xcfilelist",
			);
			name = "[CP] Embed Pods Frameworks";
			outputFileListPaths = (
				"${PODS_ROOT}/Target Support Files/Pods-COVID19/Pods-COVID19-frameworks-${CONFIGURATION}-output-files.xcfilelist",
			);
			runOnlyForDeploymentPostprocessing = 0;
			shellPath = /bin/sh;
			shellScript = "\"${PODS_ROOT}/Target Support Files/Pods-COVID19/Pods-COVID19-frameworks.sh\"\n";
			showEnvVarsInLog = 0;
		};
/* End PBXShellScriptBuildPhase section */

/* Begin PBXSourcesBuildPhase section */
		ADAA27A9231BBFAF00365194 /* Sources */ = {
			isa = PBXSourcesBuildPhase;
			buildActionMask = 2147483647;
			files = (
				4D6366702465F7C7000EC3D3 /* CountryModel.swift in Sources */,
				ADAA27B5231BBFAF00365194 /* CaseViewController.swift in Sources */,
				ADAA27B1231BBFAF00365194 /* AppDelegate.swift in Sources */,
				ADAA27B3231BBFAF00365194 /* SceneDelegate.swift in Sources */,
				4DCF1721245D8F770015EAFB /* CaseModel.swift in Sources */,
				4D1EC80F245C3DA100D49082 /* CaseData.swift in Sources */,
				4D52A452245C34030024574C /* CaseManager.swift in Sources */,
			);
			runOnlyForDeploymentPostprocessing = 0;
		};
/* End PBXSourcesBuildPhase section */

/* Begin PBXVariantGroup section */
		ADAA27B6231BBFAF00365194 /* Main.storyboard */ = {
			isa = PBXVariantGroup;
			children = (
				ADAA27B7231BBFAF00365194 /* Base */,
			);
			name = Main.storyboard;
			sourceTree = "<group>";
		};
		ADAA27BB231BBFB300365194 /* LaunchScreen.storyboard */ = {
			isa = PBXVariantGroup;
			children = (
				ADAA27BC231BBFB300365194 /* Base */,
			);
			name = LaunchScreen.storyboard;
			sourceTree = "<group>";
		};
/* End PBXVariantGroup section */

/* Begin XCBuildConfiguration section */
		ADAA27BF231BBFB300365194 /* Debug */ = {
			isa = XCBuildConfiguration;
			buildSettings = {
				ALWAYS_SEARCH_USER_PATHS = NO;
				CLANG_ANALYZER_NONNULL = YES;
				CLANG_ANALYZER_NUMBER_OBJECT_CONVERSION = YES_AGGRESSIVE;
				CLANG_CXX_LANGUAGE_STANDARD = "gnu++14";
				CLANG_CXX_LIBRARY = "libc++";
				CLANG_ENABLE_MODULES = YES;
				CLANG_ENABLE_OBJC_ARC = YES;
				CLANG_ENABLE_OBJC_WEAK = YES;
				CLANG_WARN_BLOCK_CAPTURE_AUTORELEASING = YES;
				CLANG_WARN_BOOL_CONVERSION = YES;
				CLANG_WARN_COMMA = YES;
				CLANG_WARN_CONSTANT_CONVERSION = YES;
				CLANG_WARN_DEPRECATED_OBJC_IMPLEMENTATIONS = YES;
				CLANG_WARN_DIRECT_OBJC_ISA_USAGE = YES_ERROR;
				CLANG_WARN_DOCUMENTATION_COMMENTS = YES;
				CLANG_WARN_EMPTY_BODY = YES;
				CLANG_WARN_ENUM_CONVERSION = YES;
				CLANG_WARN_INFINITE_RECURSION = YES;
				CLANG_WARN_INT_CONVERSION = YES;
				CLANG_WARN_NON_LITERAL_NULL_CONVERSION = YES;
				CLANG_WARN_OBJC_IMPLICIT_RETAIN_SELF = YES;
				CLANG_WARN_OBJC_LITERAL_CONVERSION = YES;
				CLANG_WARN_OBJC_ROOT_CLASS = YES_ERROR;
				CLANG_WARN_RANGE_LOOP_ANALYSIS = YES;
				CLANG_WARN_STRICT_PROTOTYPES = YES;
				CLANG_WARN_SUSPICIOUS_MOVE = YES;
				CLANG_WARN_UNGUARDED_AVAILABILITY = YES_AGGRESSIVE;
				CLANG_WARN_UNREACHABLE_CODE = YES;
				CLANG_WARN__DUPLICATE_METHOD_MATCH = YES;
				COPY_PHASE_STRIP = NO;
				DEBUG_INFORMATION_FORMAT = dwarf;
				ENABLE_STRICT_OBJC_MSGSEND = YES;
				ENABLE_TESTABILITY = YES;
				GCC_C_LANGUAGE_STANDARD = gnu11;
				GCC_DYNAMIC_NO_PIC = NO;
				GCC_NO_COMMON_BLOCKS = YES;
				GCC_OPTIMIZATION_LEVEL = 0;
				GCC_PREPROCESSOR_DEFINITIONS = (
					"DEBUG=1",
					"$(inherited)",
				);
				GCC_WARN_64_TO_32_BIT_CONVERSION = YES;
				GCC_WARN_ABOUT_RETURN_TYPE = YES_ERROR;
				GCC_WARN_UNDECLARED_SELECTOR = YES;
				GCC_WARN_UNINITIALIZED_AUTOS = YES_AGGRESSIVE;
				GCC_WARN_UNUSED_FUNCTION = YES;
				GCC_WARN_UNUSED_VARIABLE = YES;
				IPHONEOS_DEPLOYMENT_TARGET = 13.0;
				MTL_ENABLE_DEBUG_INFO = INCLUDE_SOURCE;
				MTL_FAST_MATH = YES;
				ONLY_ACTIVE_ARCH = YES;
				SDKROOT = iphoneos;
				SWIFT_ACTIVE_COMPILATION_CONDITIONS = DEBUG;
				SWIFT_OPTIMIZATION_LEVEL = "-Onone";
			};
			name = Debug;
		};
		ADAA27C0231BBFB300365194 /* Release */ = {
			isa = XCBuildConfiguration;
			buildSettings = {
				ALWAYS_SEARCH_USER_PATHS = NO;
				CLANG_ANALYZER_NONNULL = YES;
				CLANG_ANALYZER_NUMBER_OBJECT_CONVERSION = YES_AGGRESSIVE;
				CLANG_CXX_LANGUAGE_STANDARD = "gnu++14";
				CLANG_CXX_LIBRARY = "libc++";
				CLANG_ENABLE_MODULES = YES;
				CLANG_ENABLE_OBJC_ARC = YES;
				CLANG_ENABLE_OBJC_WEAK = YES;
				CLANG_WARN_BLOCK_CAPTURE_AUTORELEASING = YES;
				CLANG_WARN_BOOL_CONVERSION = YES;
				CLANG_WARN_COMMA = YES;
				CLANG_WARN_CONSTANT_CONVERSION = YES;
				CLANG_WARN_DEPRECATED_OBJC_IMPLEMENTATIONS = YES;
				CLANG_WARN_DIRECT_OBJC_ISA_USAGE = YES_ERROR;
				CLANG_WARN_DOCUMENTATION_COMMENTS = YES;
				CLANG_WARN_EMPTY_BODY = YES;
				CLANG_WARN_ENUM_CONVERSION = YES;
				CLANG_WARN_INFINITE_RECURSION = YES;
				CLANG_WARN_INT_CONVERSION = YES;
				CLANG_WARN_NON_LITERAL_NULL_CONVERSION = YES;
				CLANG_WARN_OBJC_IMPLICIT_RETAIN_SELF = YES;
				CLANG_WARN_OBJC_LITERAL_CONVERSION = YES;
				CLANG_WARN_OBJC_ROOT_CLASS = YES_ERROR;
				CLANG_WARN_RANGE_LOOP_ANALYSIS = YES;
				CLANG_WARN_STRICT_PROTOTYPES = YES;
				CLANG_WARN_SUSPICIOUS_MOVE = YES;
				CLANG_WARN_UNGUARDED_AVAILABILITY = YES_AGGRESSIVE;
				CLANG_WARN_UNREACHABLE_CODE = YES;
				CLANG_WARN__DUPLICATE_METHOD_MATCH = YES;
				COPY_PHASE_STRIP = NO;
				DEBUG_INFORMATION_FORMAT = "dwarf-with-dsym";
				ENABLE_NS_ASSERTIONS = NO;
				ENABLE_STRICT_OBJC_MSGSEND = YES;
				GCC_C_LANGUAGE_STANDARD = gnu11;
				GCC_NO_COMMON_BLOCKS = YES;
				GCC_WARN_64_TO_32_BIT_CONVERSION = YES;
				GCC_WARN_ABOUT_RETURN_TYPE = YES_ERROR;
				GCC_WARN_UNDECLARED_SELECTOR = YES;
				GCC_WARN_UNINITIALIZED_AUTOS = YES_AGGRESSIVE;
				GCC_WARN_UNUSED_FUNCTION = YES;
				GCC_WARN_UNUSED_VARIABLE = YES;
				IPHONEOS_DEPLOYMENT_TARGET = 13.0;
				MTL_ENABLE_DEBUG_INFO = NO;
				MTL_FAST_MATH = YES;
				SDKROOT = iphoneos;
				SWIFT_COMPILATION_MODE = wholemodule;
				SWIFT_OPTIMIZATION_LEVEL = "-O";
				VALIDATE_PRODUCT = YES;
			};
			name = Release;
		};
		ADAA27C2231BBFB300365194 /* Debug */ = {
			isa = XCBuildConfiguration;
			baseConfigurationReference = B99AD65C72BDD68385797408 /* Pods-COVID19.debug.xcconfig */;
			buildSettings = {
				ASSETCATALOG_COMPILER_APPICON_NAME = AppIcon;
				CODE_SIGN_STYLE = Automatic;
				DEVELOPMENT_ASSET_PATHS = Covid19/Flags.xcassets;
				INFOPLIST_FILE = Covid19/Info.plist;
				LD_RUNPATH_SEARCH_PATHS = (
					"$(inherited)",
					"@executable_path/Frameworks",
				);
				PRODUCT_BUNDLE_IDENTIFIER = com.zacharisharris.covid19;
				PRODUCT_NAME = CoVID19;
				SWIFT_VERSION = 5.0;
				TARGETED_DEVICE_FAMILY = "1,2";
			};
			name = Debug;
		};
		ADAA27C3231BBFB300365194 /* Release */ = {
			isa = XCBuildConfiguration;
			baseConfigurationReference = 79BC61740D631F610D0777C8 /* Pods-COVID19.release.xcconfig */;
			buildSettings = {
				ASSETCATALOG_COMPILER_APPICON_NAME = AppIcon;
				CODE_SIGN_STYLE = Automatic;
				DEVELOPMENT_ASSET_PATHS = Covid19/Flags.xcassets;
				INFOPLIST_FILE = Covid19/Info.plist;
				LD_RUNPATH_SEARCH_PATHS = (
					"$(inherited)",
					"@executable_path/Frameworks",
				);
				PRODUCT_BUNDLE_IDENTIFIER = com.zacharisharris.covid19;
				PRODUCT_NAME = CoVID19;
				SWIFT_VERSION = 5.0;
				TARGETED_DEVICE_FAMILY = "1,2";
			};
			name = Release;
		};
/* End XCBuildConfiguration section */

/* Begin XCConfigurationList section */
		ADAA27A8231BBFAF00365194 /* Build configuration list for PBXProject "COVID19" */ = {
			isa = XCConfigurationList;
			buildConfigurations = (
				ADAA27BF231BBFB300365194 /* Debug */,
				ADAA27C0231BBFB300365194 /* Release */,
			);
			defaultConfigurationIsVisible = 0;
			defaultConfigurationName = Release;
		};
		ADAA27C1231BBFB300365194 /* Build configuration list for PBXNativeTarget "COVID19" */ = {
			isa = XCConfigurationList;
			buildConfigurations = (
				ADAA27C2231BBFB300365194 /* Debug */,
				ADAA27C3231BBFB300365194 /* Release */,
			);
			defaultConfigurationIsVisible = 0;
			defaultConfigurationName = Release;
		};
/* End XCConfigurationList section */
	};
	rootObject = ADAA27A5231BBFAF00365194 /* Project object */;
}
